<Solution>
  <Folder Name="/Tests/">
    <Project Path="src/Wetcon.OpcUaClient.Base/Wetcon.OpcUaClient.Base.csproj" />
    <Project Path="tests/Wetcon.PactwarePlugin.OpcUaServer.Plugin.Tests/Wetcon.PactwarePlugin.OpcUaServer.Plugin.PW5.Tests.csproj">
    </Project>
  </Folder>
  <Project Path="build/Build.PW5.csproj">
  </Project>
  <Project Path="src/Wetcon.PactwarePlugin.OpcUaServer.Plugin/Wetcon.PactwarePlugin.OpcUaServer.Plugin.PW5.csproj">
  </Project>
</Solution>
