
Microsoft Visual Studio Solution File, Format Version 12.00
# Visual Studio Version 17
VisualStudioVersion = 17.8.34330.188
MinimumVisualStudioVersion = 10.0.40219.1
Project("{FAE04EC0-301F-11D3-BF4B-00C04F79EFBC}") = "Wetcon.PactwarePlugin.OpcUaServer.Plugin", "src\Wetcon.PactwarePlugin.OpcUaServer.Plugin\Wetcon.PactwarePlugin.OpcUaServer.Plugin.csproj", "{884780DC-0864-40CE-AD60-D7C2EE426DA0}"
EndProject
Project("{FAE04EC0-301F-11D3-BF4B-00C04F79EFBC}") = "Wetcon.PactwarePlugin.OpcUaServer.Plugin.Tests", "tests\Wetcon.PactwarePlugin.OpcUaServer.Plugin.Tests\Wetcon.PactwarePlugin.OpcUaServer.Plugin.Tests.csproj", "{C985CAE0-1878-47B9-A9A1-C29D04362678}"
EndProject
Project("{FAE04EC0-301F-11D3-BF4B-00C04F79EFBC}") = "Wetcon.OpcUaClient.2AzureIOT", "src\Wetcon.OpcUaClient.2AzureIOT\Wetcon.OpcUaClient.2AzureIOT.csproj", "{16E1FE68-0FD2-4D9B-BF03-54341B50BFD3}"
EndProject
Project("{FAE04EC0-301F-11D3-BF4B-00C04F79EFBC}") = "Wetcon.OpcUaClient.2AWSIOT", "src\Wetcon.OpcUaClient.2AWSIOT\Wetcon.OpcUaClient.2AWSIOT.csproj", "{58FFC893-9C37-4F96-9FDC-FED6A58B9CD9}"
EndProject
Project("{FAE04EC0-301F-11D3-BF4B-00C04F79EFBC}") = "Wetcon.OpcUaClient.Base", "src\Wetcon.OpcUaClient.Base\Wetcon.OpcUaClient.Base.csproj", "{430EA390-C214-4870-8F38-A298EE389898}"
EndProject
Project("{FAE04EC0-301F-11D3-BF4B-00C04F79EFBC}") = "Wetcon.OpcUaClient.LoadTest", "tests\Wetcon.OpcUaClient.LoadTest\Wetcon.OpcUaClient.LoadTest.csproj", "{224FB8D2-4DFF-4FBD-8215-E409C60922D2}"
EndProject
Project("{2150E333-8FDC-42A3-9474-1A3956D46DE8}") = "Tests", "Tests", "{6494E4CF-9644-457A-8241-2F3B510B899D}"
EndProject
Project("{2150E333-8FDC-42A3-9474-1A3956D46DE8}") = "Apps", "Apps", "{396AAE50-948F-4360-8C0F-4F725CE79AA4}"
EndProject
Project("{2150E333-8FDC-42A3-9474-1A3956D46DE8}") = "Solution Items", "Solution Items", "{355F453B-97F3-4A02-80A4-F54A6263FEA0}"
	ProjectSection(SolutionItems) = preProject
		.editorconfig = .editorconfig
		.gitignore = .gitignore
		.vsts-ci.yml = .vsts-ci.yml
		build.ps1 = build.ps1
		GitVersion.yml = GitVersion.yml
		LICENSE.md = LICENSE.md
		README.md = README.md
	EndProjectSection
EndProject
Project("{9A19103F-16F7-4668-BE54-9A1E7A4F7556}") = "Build", "build\Build.csproj", "{C7CFDABD-2F2A-43BC-B7ED-E6E646186D61}"
EndProject
Global
	GlobalSection(SolutionConfigurationPlatforms) = preSolution
		Debug|Any CPU = Debug|Any CPU
		Release|Any CPU = Release|Any CPU
	EndGlobalSection
	GlobalSection(ProjectConfigurationPlatforms) = postSolution
		{884780DC-0864-40CE-AD60-D7C2EE426DA0}.Debug|Any CPU.ActiveCfg = Debug|x86
		{884780DC-0864-40CE-AD60-D7C2EE426DA0}.Debug|Any CPU.Build.0 = Debug|x86
		{884780DC-0864-40CE-AD60-D7C2EE426DA0}.Release|Any CPU.ActiveCfg = Release|x86
		{884780DC-0864-40CE-AD60-D7C2EE426DA0}.Release|Any CPU.Build.0 = Release|x86
		{C985CAE0-1878-47B9-A9A1-C29D04362678}.Debug|Any CPU.ActiveCfg = Debug|x86
		{C985CAE0-1878-47B9-A9A1-C29D04362678}.Debug|Any CPU.Build.0 = Debug|x86
		{C985CAE0-1878-47B9-A9A1-C29D04362678}.Release|Any CPU.ActiveCfg = Release|x86
		{C985CAE0-1878-47B9-A9A1-C29D04362678}.Release|Any CPU.Build.0 = Release|x86
		{16E1FE68-0FD2-4D9B-BF03-54341B50BFD3}.Debug|Any CPU.ActiveCfg = Debug|Any CPU
		{16E1FE68-0FD2-4D9B-BF03-54341B50BFD3}.Debug|Any CPU.Build.0 = Debug|Any CPU
		{16E1FE68-0FD2-4D9B-BF03-54341B50BFD3}.Release|Any CPU.ActiveCfg = Release|Any CPU
		{16E1FE68-0FD2-4D9B-BF03-54341B50BFD3}.Release|Any CPU.Build.0 = Release|Any CPU
		{58FFC893-9C37-4F96-9FDC-FED6A58B9CD9}.Debug|Any CPU.ActiveCfg = Debug|Any CPU
		{58FFC893-9C37-4F96-9FDC-FED6A58B9CD9}.Debug|Any CPU.Build.0 = Debug|Any CPU
		{58FFC893-9C37-4F96-9FDC-FED6A58B9CD9}.Release|Any CPU.ActiveCfg = Release|Any CPU
		{58FFC893-9C37-4F96-9FDC-FED6A58B9CD9}.Release|Any CPU.Build.0 = Release|Any CPU
		{430EA390-C214-4870-8F38-A298EE389898}.Debug|Any CPU.ActiveCfg = Debug|Any CPU
		{430EA390-C214-4870-8F38-A298EE389898}.Debug|Any CPU.Build.0 = Debug|Any CPU
		{430EA390-C214-4870-8F38-A298EE389898}.Release|Any CPU.ActiveCfg = Release|Any CPU
		{430EA390-C214-4870-8F38-A298EE389898}.Release|Any CPU.Build.0 = Release|Any CPU
		{224FB8D2-4DFF-4FBD-8215-E409C60922D2}.Debug|Any CPU.ActiveCfg = Debug|Any CPU
		{224FB8D2-4DFF-4FBD-8215-E409C60922D2}.Debug|Any CPU.Build.0 = Debug|Any CPU
		{224FB8D2-4DFF-4FBD-8215-E409C60922D2}.Release|Any CPU.ActiveCfg = Release|Any CPU
		{224FB8D2-4DFF-4FBD-8215-E409C60922D2}.Release|Any CPU.Build.0 = Release|Any CPU
		{C7CFDABD-2F2A-43BC-B7ED-E6E646186D61}.Debug|Any CPU.ActiveCfg = Debug|Any CPU
		{C7CFDABD-2F2A-43BC-B7ED-E6E646186D61}.Release|Any CPU.ActiveCfg = Release|Any CPU
	EndGlobalSection
	GlobalSection(SolutionProperties) = preSolution
		HideSolutionNode = FALSE
	EndGlobalSection
	GlobalSection(NestedProjects) = preSolution
		{C985CAE0-1878-47B9-A9A1-C29D04362678} = {6494E4CF-9644-457A-8241-2F3B510B899D}
		{16E1FE68-0FD2-4D9B-BF03-54341B50BFD3} = {396AAE50-948F-4360-8C0F-4F725CE79AA4}
		{58FFC893-9C37-4F96-9FDC-FED6A58B9CD9} = {396AAE50-948F-4360-8C0F-4F725CE79AA4}
		{430EA390-C214-4870-8F38-A298EE389898} = {396AAE50-948F-4360-8C0F-4F725CE79AA4}
		{224FB8D2-4DFF-4FBD-8215-E409C60922D2} = {6494E4CF-9644-457A-8241-2F3B510B899D}
	EndGlobalSection
	GlobalSection(ExtensibilityGlobals) = postSolution
		SolutionGuid = {40D688D0-D99C-4FD6-8289-0C1A91E02B0A}
	EndGlobalSection
EndGlobal
